
Microsoft Visual Studio Solution File, Format Version 12.00
# Visual Studio Version 17
VisualStudioVersion = 17.14.37027.9
MinimumVisualStudioVersion = 10.0.40219.1
Project("{FAE04EC0-301F-11D3-BF4B-00C04F79EFBC}") = "ADO", "ADO\ADO.csproj", "{402423C4-8B70-4CE5-9E6E-4602FF8957DF}"
EndProject
Project("{FAE04EC0-301F-11D3-BF4B-00C04F79EFBC}") = "DBtools", "DBtools\DBtools.csproj", "{BE14CADD-AE24-4B7F-8EC9-391DF8CF92E8}"
EndProject
Project("{FAE04EC0-301F-11D3-BF4B-00C04F79EFBC}") = "DLLtest", "DLLtest\DLLtest.csproj", "{3EFBB1DB-C8B0-4EB8-A9D6-20FC49736718}"
EndProject
Project("{FAE04EC0-301F-11D3-BF4B-00C04F79EFBC}") = "Academy", "Academy\Academy.csproj", "{00BF529F-7A1E-4C3A-BE9A-6841E8DA31EA}"
EndProject
Project("{FAE04EC0-301F-11D3-BF4B-00C04F79EFBC}") = "AcademyWPF", "AcademyWPF\AcademyWPF.csproj", "{04664FED-2659-41E3-A2B1-E717ED310C75}"
EndProject
Global
	GlobalSection(SolutionConfigurationPlatforms) = preSolution
		Debug|Any CPU = Debug|Any CPU
		Release|Any CPU = Release|Any CPU
	EndGlobalSection
	GlobalSection(ProjectConfigurationPlatforms) = postSolution
		{402423C4-8B70-4CE5-9E6E-4602FF8957DF}.Debug|Any CPU.ActiveCfg = Debug|Any CPU
		{402423C4-8B70-4CE5-9E6E-4602FF8957DF}.Debug|Any CPU.Build.0 = Debug|Any CPU
		{402423C4-8B70-4CE5-9E6E-4602FF8957DF}.Release|Any CPU.ActiveCfg = Release|Any CPU
		{402423C4-8B70-4CE5-9E6E-4602FF8957DF}.Release|Any CPU.Build.0 = Release|Any CPU
		{BE14CADD-AE24-4B7F-8EC9-391DF8CF92E8}.Debug|Any CPU.ActiveCfg = Debug|Any CPU
		{BE14CADD-AE24-4B7F-8EC9-391DF8CF92E8}.Debug|Any CPU.Build.0 = Debug|Any CPU
		{BE14CADD-AE24-4B7F-8EC9-391DF8CF92E8}.Release|Any CPU.ActiveCfg = Release|Any CPU
		{BE14CADD-AE24-4B7F-8EC9-391DF8CF92E8}.Release|Any CPU.Build.0 = Release|Any CPU
		{3EFBB1DB-C8B0-4EB8-A9D6-20FC49736718}.Debug|Any CPU.ActiveCfg = Debug|Any CPU
		{3EFBB1DB-C8B0-4EB8-A9D6-20FC49736718}.Debug|Any CPU.Build.0 = Debug|Any CPU
		{3EFBB1DB-C8B0-4EB8-A9D6-20FC49736718}.Release|Any CPU.ActiveCfg = Release|Any CPU
		{3EFBB1DB-C8B0-4EB8-A9D6-20FC49736718}.Release|Any CPU.Build.0 = Release|Any CPU
		{00BF529F-7A1E-4C3A-BE9A-6841E8DA31EA}.Debug|Any CPU.ActiveCfg = Debug|Any CPU
		{00BF529F-7A1E-4C3A-BE9A-6841E8DA31EA}.Debug|Any CPU.Build.0 = Debug|Any CPU
		{00BF529F-7A1E-4C3A-BE9A-6841E8DA31EA}.Release|Any CPU.ActiveCfg = Release|Any CPU
		{00BF529F-7A1E-4C3A-BE9A-6841E8DA31EA}.Release|Any CPU.Build.0 = Release|Any CPU
		{04664FED-2659-41E3-A2B1-E717ED310C75}.Debug|Any CPU.ActiveCfg = Debug|Any CPU
		{04664FED-2659-41E3-A2B1-E717ED310C75}.Debug|Any CPU.Build.0 = Debug|Any CPU
		{04664FED-2659-41E3-A2B1-E717ED310C75}.Release|Any CPU.ActiveCfg = Release|Any CPU
		{04664FED-2659-41E3-A2B1-E717ED310C75}.Release|Any CPU.Build.0 = Release|Any CPU
	EndGlobalSection
	GlobalSection(SolutionProperties) = preSolution
		HideSolutionNode = FALSE
	EndGlobalSection
	GlobalSection(ExtensibilityGlobals) = postSolution
		SolutionGuid = {22DF4F03-FE5F-4D1B-B1B4-F188C1CB4641}
	EndGlobalSection
EndGlobal
